<?xml version="1.0" encoding="utf-8"?>
<Project ToolsVersion="4.0" xmlns="http://schemas.microsoft.com/developer/msbuild/2003">
  <ItemGroup>
    <Filter Include="win32">
      <UniqueIdentifier>{84a8ebd7-7cf0-47f6-b75e-d441df67da40}</UniqueIdentifier>
    </Filter>
    <Filter Include="Classes">
      <UniqueIdentifier>{bb6c862e-70e9-49d9-81b7-3829a6f50471}</UniqueIdentifier>
    </Filter>
    <Filter Include="Classes\Utils">
      <UniqueIdentifier>{21aff7a5-4c43-4198-a150-0f40087acdab}</UniqueIdentifier>
    </Filter>
    <Filter Include="Classes\Object">
      <UniqueIdentifier>{42545eb6-093c-4c1f-bd92-65dd183af5b5}</UniqueIdentifier>
    </Filter>
    <Filter Include="Classes\Weapon">
      <UniqueIdentifier>{6000b357-bfc5-4f35-89c5-f6236059b371}</UniqueIdentifier>
    </Filter>
    <Filter Include="Classes\Model">
      <UniqueIdentifier>{2c8e761f-984d-402d-8c09-de4439266a47}</UniqueIdentifier>
    </Filter>
    <Filter Include="Classes\Visual">
      <UniqueIdentifier>{12f7cae6-2bd3-4202-98cb-52cf1840a934}</UniqueIdentifier>
    </Filter>
  </ItemGroup>
  <ItemGroup>
    <ClCompile Include="main.cpp">
      <Filter>win32</Filter>
    </ClCompile>
    <ClCompile Include="..\Classes\AppDelegate.cpp">
      <Filter>Classes</Filter>
    </ClCompile>
    <ClCompile Include="..\Classes\HelloWorldScene.cpp">
      <Filter>Classes</Filter>
    </ClCompile>
    <ClCompile Include="..\Classes\Utils\GLES-Render.cpp">
      <Filter>Classes\Utils</Filter>
    </ClCompile>
    <ClCompile Include="..\Classes\Object\RoleObject.cpp">
      <Filter>Classes\Object</Filter>
    </ClCompile>
    <ClCompile Include="..\Classes\Object\Block.cpp">
      <Filter>Classes\Object</Filter>
    </ClCompile>
    <ClCompile Include="..\Classes\Object\RigidBlock.cpp">
      <Filter>Classes\Object</Filter>
    </ClCompile>
    <ClCompile Include="..\Classes\Utils\B2WorldHelper.cpp">
      <Filter>Classes\Utils</Filter>
    </ClCompile>
    <ClCompile Include="..\Classes\Object\RobberBlock.cpp">
      <Filter>Classes\Object</Filter>
    </ClCompile>
    <ClCompile Include="..\Classes\Utils\TagHelper.cpp">
      <Filter>Classes\Utils</Filter>
    </ClCompile>
    <ClCompile Include="..\Classes\Utils\ForeSceneManager.cpp">
      <Filter>Classes\Utils</Filter>
    </ClCompile>
    <ClCompile Include="..\Classes\Utils\JumpFollow.cpp">
      <Filter>Classes\Utils</Filter>
    </ClCompile>
    <ClCompile Include="..\Classes\Object\B2CCNode.cpp">
      <Filter>Classes\Object</Filter>
    </ClCompile>
    <ClCompile Include="..\Classes\Object\Edge.cpp">
      <Filter>Classes\Object</Filter>
    </ClCompile>
    <ClCompile Include="..\Classes\Object\RigidEdge.cpp">
      <Filter>Classes\Object</Filter>
    </ClCompile>
    <ClCompile Include="..\Classes\Weapon\Weapon.cpp">
      <Filter>Classes\Weapon</Filter>
    </ClCompile>
    <ClCompile Include="..\Classes\Weapon\SwordWeapon.cpp">
      <Filter>Classes\Weapon</Filter>
    </ClCompile>
    <ClCompile Include="..\Classes\Object\Monster.cpp">
      <Filter>Classes\Object</Filter>
    </ClCompile>
    <ClCompile Include="..\Classes\Object\MonsterMushroom.cpp">
      <Filter>Classes\Object</Filter>
    </ClCompile>
    <ClCompile Include="..\Classes\Utils\B2Handler.cpp">
      <Filter>Classes\Utils</Filter>
    </ClCompile>
    <ClCompile Include="..\Classes\Model\ObjectModel.cpp">
      <Filter>Classes\Model</Filter>
    </ClCompile>
    <ClCompile Include="..\Classes\Model\BiliBoard.cpp">
      <Filter>Classes\Model</Filter>
    </ClCompile>
    <ClCompile Include="..\Classes\Utils\GameConfig.cpp">
      <Filter>Classes\Utils</Filter>
    </ClCompile>
    <ClCompile Include="..\Classes\Visual\BackgroundLayer.cpp">
      <Filter>Classes\Visual</Filter>
    </ClCompile>
    <ClCompile Include="..\Classes\Visual\MyCCMotionStreak.cpp">
      <Filter>Classes\Visual</Filter>
    </ClCompile>
    <ClCompile Include="..\Classes\Visual\CircleLight.cpp">
      <Filter>Classes\Visual</Filter>
    </ClCompile>
    <ClCompile Include="..\Classes\Visual\ScoreBoard.cpp">
      <Filter>Classes\Visual</Filter>
    </ClCompile>
    <ClCompile Include="..\Classes\Visual\GUILayer.cpp">
      <Filter>Classes\Visual</Filter>
    </ClCompile>
    <ClCompile Include="..\Classes\GameScene.cpp">
      <Filter>Classes</Filter>
    </ClCompile>
    <ClCompile Include="..\Classes\Visual\WelcomBoard.cpp">
      <Filter>Classes\Visual</Filter>
    </ClCompile>
    <ClCompile Include="..\Classes\Visual\DeadEndBoard.cpp">
      <Filter>Classes\Visual</Filter>
    </ClCompile>
    <ClCompile Include="..\Classes\Visual\PowerColumn.cpp">
      <Filter>Classes\Visual</Filter>
    </ClCompile>
    <ClCompile Include="..\Classes\Object\RubberBlock.cpp">
      <Filter>Classes\Object</Filter>
    </ClCompile>
    <ClCompile Include="..\Classes\Object\Pills.cpp">
      <Filter>Classes\Object</Filter>
    </ClCompile>
    <ClCompile Include="..\Classes\Utils\SoundManager.cpp">
      <Filter>Classes\Utils</Filter>
    </ClCompile>
  </ItemGroup>
  <ItemGroup>
    <ClInclude Include="main.h">
      <Filter>win32</Filter>
    </ClInclude>
    <ClInclude Include="..\Classes\AppDelegate.h">
      <Filter>Classes</Filter>
    </ClInclude>
    <ClInclude Include="..\Classes\HelloWorldScene.h">
      <Filter>Classes</Filter>
    </ClInclude>
    <ClInclude Include="..\Classes\Utils\GLES-Render.h">
      <Filter>Classes\Utils</Filter>
    </ClInclude>
    <ClInclude Include="..\Classes\Utils\GlobalData.h">
      <Filter>Classes\Utils</Filter>
    </ClInclude>
    <ClInclude Include="..\Classes\Object\RoleObject.h">
      <Filter>Classes\Object</Filter>
    </ClInclude>
    <ClInclude Include="..\Classes\Object\Block.h">
      <Filter>Classes\Object</Filter>
    </ClInclude>
    <ClInclude Include="..\Classes\Object\RigidBlock.h">
      <Filter>Classes\Object</Filter>
    </ClInclude>
    <ClInclude Include="..\Classes\Utils\B2WorldHelper.h">
      <Filter>Classes\Utils</Filter>
    </ClInclude>
    <ClInclude Include="..\Classes\Object\RobberBlock.h">
      <Filter>Classes\Object</Filter>
    </ClInclude>
    <ClInclude Include="..\Classes\Utils\TagHelper.h">
      <Filter>Classes\Utils</Filter>
    </ClInclude>
    <ClInclude Include="..\Classes\Utils\ForeSceneManager.h">
      <Filter>Classes\Utils</Filter>
    </ClInclude>
    <ClInclude Include="..\Classes\Utils\JumpFollow.h">
      <Filter>Classes\Utils</Filter>
    </ClInclude>
    <ClInclude Include="..\Classes\Utils\Utils.h">
      <Filter>Classes\Utils</Filter>
    </ClInclude>
    <ClInclude Include="..\Classes\Object\B2CCNode.h">
      <Filter>Classes\Object</Filter>
    </ClInclude>
    <ClInclude Include="..\Classes\Object\Edge.h">
      <Filter>Classes\Object</Filter>
    </ClInclude>
    <ClInclude Include="..\Classes\Object\RigidEdge.h">
      <Filter>Classes\Object</Filter>
    </ClInclude>
    <ClInclude Include="..\Classes\Weapon\Weapon.h">
      <Filter>Classes\Weapon</Filter>
    </ClInclude>
    <ClInclude Include="..\Classes\Weapon\SwordWeapon.h">
      <Filter>Classes\Weapon</Filter>
    </ClInclude>
    <ClInclude Include="..\Classes\Object\Monster.h">
      <Filter>Classes\Object</Filter>
    </ClInclude>
    <ClInclude Include="..\Classes\Object\MonsterMushroom.h">
      <Filter>Classes\Object</Filter>
    </ClInclude>
    <ClInclude Include="..\Classes\Utils\B2Handler.h">
      <Filter>Classes\Utils</Filter>
    </ClInclude>
    <ClInclude Include="..\Classes\Model\ObjectModel.h">
      <Filter>Classes\Model</Filter>
    </ClInclude>
    <ClInclude Include="..\Classes\Model\BiliBoard.h">
      <Filter>Classes\Model</Filter>
    </ClInclude>
    <ClInclude Include="resource.h" />
    <ClInclude Include="..\Classes\Utils\RapidXml.h">
      <Filter>Classes\Utils</Filter>
    </ClInclude>
    <ClInclude Include="..\Classes\Utils\GameConfig.h">
      <Filter>Classes\Utils</Filter>
    </ClInclude>
    <ClInclude Include="..\Classes\Visual\BackgroundLayer.h">
      <Filter>Classes\Visual</Filter>
    </ClInclude>
    <ClInclude Include="..\Classes\Visual\MyCCMotionStreak.h">
      <Filter>Classes\Visual</Filter>
    </ClInclude>
    <ClInclude Include="..\Classes\Visual\CircleLight.h">
      <Filter>Classes\Visual</Filter>
    </ClInclude>
    <ClInclude Include="..\Classes\Visual\ScoreBoard.h">
      <Filter>Classes\Visual</Filter>
    </ClInclude>
    <ClInclude Include="..\Classes\Visual\GUILayer.h">
      <Filter>Classes\Visual</Filter>
    </ClInclude>
    <ClInclude Include="..\Classes\GameScene.h">
      <Filter>Classes</Filter>
    </ClInclude>
    <ClInclude Include="..\Classes\Visual\WelcomBoard.h">
      <Filter>Classes\Visual</Filter>
    </ClInclude>
    <ClInclude Include="..\Classes\Visual\DeadEndBoard.h">
      <Filter>Classes\Visual</Filter>
    </ClInclude>
    <ClInclude Include="..\Classes\Visual\PowerColumn.h">
      <Filter>Classes\Visual</Filter>
    </ClInclude>
    <ClInclude Include="..\Classes\Object\RubberBlock.h">
      <Filter>Classes\Object</Filter>
    </ClInclude>
    <ClInclude Include="..\Classes\Object\Pills.h">
      <Filter>Classes\Object</Filter>
    </ClInclude>
    <ClInclude Include="..\Classes\Utils\SoundManager.h">
      <Filter>Classes\Utils</Filter>
    </ClInclude>
  </ItemGroup>
  <ItemGroup>
    <ResourceCompile Include="Jump.rc" />
  </ItemGroup>
</Project>